
Microsoft Visual Studio Solution File, Format Version 12.00
# Visual Studio 15
VisualStudioVersion = 15.0.28010.2036
MinimumVisualStudioVersion = 10.0.40219.1
Project("{FAE04EC0-301F-11D3-BF4B-00C04F79EFBC}") = "StaticRegister", "StaticRegister\StaticRegister.csproj", "{F4448A31-FC8A-4694-BF53-9E96F5D747B3}"
EndProject
Global
	GlobalSection(SolutionConfigurationPlatforms) = preSolution
		Debug|Any CPU = Debug|Any CPU
		Release|Any CPU = Release|Any CPU
	EndGlobalSection
	GlobalSection(ProjectConfigurationPlatforms) = postSolution
		{F4448A31-FC8A-4694-BF53-9E96F5D747B3}.Debug|Any CPU.ActiveCfg = Debug|Any CPU
		{F4448A31-FC8A-4694-BF53-9E96F5D747B3}.Debug|Any CPU.Build.0 = Debug|Any CPU
		{F4448A31-FC8A-4694-BF53-9E96F5D747B3}.Release|Any CPU.ActiveCfg = Release|Any CPU
		{F4448A31-FC8A-4694-BF53-9E96F5D747B3}.Release|Any CPU.Build.0 = Release|Any CPU
	EndGlobalSection
	GlobalSection(SolutionProperties) = preSolution
		HideSolutionNode = FALSE
	EndGlobalSection
	GlobalSection(ExtensibilityGlobals) = postSolution
		SolutionGuid = {EB4080FE-AB57-4A01-A5BE-5E9333E03ED9}
	EndGlobalSection
EndGlobal
